
Microsoft Visual Studio Solution File, Format Version 12.00
# Visual Studio Version 16
VisualStudioVersion = 16.0.30621.155
MinimumVisualStudioVersion = 10.0.40219.1
Project("{888888A0-9F3D-457C-B088-3A5042F75D52}") = "python test", "python test\python test.pyproj", "{7A59D5F3-5713-4BC2-A4CA-F1F1DB415F06}"
EndProject
Global
	GlobalSection(SolutionConfigurationPlatforms) = preSolution
		Debug|Any CPU = Debug|Any CPU
		Release|Any CPU = Release|Any CPU
	EndGlobalSection
	GlobalSection(ProjectConfigurationPlatforms) = postSolution
		{7A59D5F3-5713-4BC2-A4CA-F1F1DB415F06}.Debug|Any CPU.ActiveCfg = Debug|Any CPU
		{7A59D5F3-5713-4BC2-A4CA-F1F1DB415F06}.Release|Any CPU.ActiveCfg = Release|Any CPU
	EndGlobalSection
	GlobalSection(SolutionProperties) = preSolution
		HideSolutionNode = FALSE
	EndGlobalSection
	GlobalSection(ExtensibilityGlobals) = postSolution
		SolutionGuid = {B9FD04C0-FF70-4FA5-904D-94BA0D7C2F9E}
	EndGlobalSection
EndGlobal
